{
  "name": "nextassess",
  "version": "0.1.0",
  "lockfileVersion": 1,
  "requires": true,
  "dependencies": {
    "zustand": {
      "version": "5.0.0-rc.2",
      "resolved": "https://registry.npmjs.org/zustand/-/zustand-5.0.0-rc.2.tgz",
      "integrity": "sha512-o2Nwuvnk8vQBX7CcHL8WfFkZNJdxB/VKeWw0tNglw8p4cypsZ3tRT7rTRTDNeUPFS0qaMBRSKe+fVwL5xpcE3A=="
    }
  }
}
